
Microsoft Visual Studio Solution File, Format Version 12.00
# Visual Studio Version 16
VisualStudioVersion = 16.0.30517.126
MinimumVisualStudioVersion = 10.0.40219.1
Project("{FAE04EC0-301F-11D3-BF4B-00C04F79EFBC}") = "WPFNet", "WPFNet.csproj", "{E33E1401-F62C-4A6E-8CC4-50ECD674D8A6}"
EndProject
Project("{FAE04EC0-301F-11D3-BF4B-00C04F79EFBC}") = "WPFCore", "..\WPFCore\WPFCore.csproj", "{DEF44CC9-8CF6-4450-AB44-7FD5DA30078C}"
EndProject
Global
	GlobalSection(SolutionConfigurationPlatforms) = preSolution
		Debug|Any CPU = Debug|Any CPU
		Release|Any CPU = Release|Any CPU
	EndGlobalSection
	GlobalSection(ProjectConfigurationPlatforms) = postSolution
		{E33E1401-F62C-4A6E-8CC4-50ECD674D8A6}.Debug|Any CPU.ActiveCfg = Debug|Any CPU
		{E33E1401-F62C-4A6E-8CC4-50ECD674D8A6}.Debug|Any CPU.Build.0 = Debug|Any CPU
		{E33E1401-F62C-4A6E-8CC4-50ECD674D8A6}.Release|Any CPU.ActiveCfg = Release|Any CPU
		{E33E1401-F62C-4A6E-8CC4-50ECD674D8A6}.Release|Any CPU.Build.0 = Release|Any CPU
		{DEF44CC9-8CF6-4450-AB44-7FD5DA30078C}.Debug|Any CPU.ActiveCfg = Debug|Any CPU
		{DEF44CC9-8CF6-4450-AB44-7FD5DA30078C}.Debug|Any CPU.Build.0 = Debug|Any CPU
		{DEF44CC9-8CF6-4450-AB44-7FD5DA30078C}.Release|Any CPU.ActiveCfg = Release|Any CPU
		{DEF44CC9-8CF6-4450-AB44-7FD5DA30078C}.Release|Any CPU.Build.0 = Release|Any CPU
	EndGlobalSection
	GlobalSection(SolutionProperties) = preSolution
		HideSolutionNode = FALSE
	EndGlobalSection
	GlobalSection(ExtensibilityGlobals) = postSolution
		SolutionGuid = {86CA534D-FCB7-4635-A9F0-C863623D425C}
	EndGlobalSection
EndGlobal
